
Microsoft Visual Studio Solution File, Format Version 12.00
# Visual Studio Version 17
VisualStudioVersion = 17.9.34701.34
MinimumVisualStudioVersion = 10.0.40219.1
Project("{FAE04EC0-301F-11D3-BF4B-00C04F79EFBC}") = "ProductsManufacturer", "ProductsManufacturer.csproj", "{C1C914D5-4173-44A4-8874-2059D86647F0}"
EndProject
Global
	GlobalSection(SolutionConfigurationPlatforms) = preSolution
		Debug|Any CPU = Debug|Any CPU
		Release|Any CPU = Release|Any CPU
	EndGlobalSection
	GlobalSection(ProjectConfigurationPlatforms) = postSolution
		{C1C914D5-4173-44A4-8874-2059D86647F0}.Debug|Any CPU.ActiveCfg = Debug|Any CPU
		{C1C914D5-4173-44A4-8874-2059D86647F0}.Debug|Any CPU.Build.0 = Debug|Any CPU
		{C1C914D5-4173-44A4-8874-2059D86647F0}.Release|Any CPU.ActiveCfg = Release|Any CPU
		{C1C914D5-4173-44A4-8874-2059D86647F0}.Release|Any CPU.Build.0 = Release|Any CPU
	EndGlobalSection
	GlobalSection(SolutionProperties) = preSolution
		HideSolutionNode = FALSE
	EndGlobalSection
	GlobalSection(ExtensibilityGlobals) = postSolution
		SolutionGuid = {77F7892A-FB5D-46F6-9BD2-349A6B02EC12}
	EndGlobalSection
EndGlobal
